
Microsoft Visual Studio Solution File, Format Version 12.00
# Visual Studio Version 17
VisualStudioVersion = 17.5.002.0
MinimumVisualStudioVersion = 10.0.40219.1
Project("{9A19103F-16F7-4668-BE54-9A1E7A4F7556}") = "WorldGenerator", "WorldGenerator.csproj", "{E6A8EA01-EB4F-4EF8-A0BE-6DBB4D4E8FE9}"
EndProject
Global
	GlobalSection(SolutionConfigurationPlatforms) = preSolution
		Debug|Any CPU = Debug|Any CPU
		Release|Any CPU = Release|Any CPU
	EndGlobalSection
	GlobalSection(ProjectConfigurationPlatforms) = postSolution
		{E6A8EA01-EB4F-4EF8-A0BE-6DBB4D4E8FE9}.Debug|Any CPU.ActiveCfg = Debug|Any CPU
		{E6A8EA01-EB4F-4EF8-A0BE-6DBB4D4E8FE9}.Debug|Any CPU.Build.0 = Debug|Any CPU
		{E6A8EA01-EB4F-4EF8-A0BE-6DBB4D4E8FE9}.Release|Any CPU.ActiveCfg = Release|Any CPU
		{E6A8EA01-EB4F-4EF8-A0BE-6DBB4D4E8FE9}.Release|Any CPU.Build.0 = Release|Any CPU
	EndGlobalSection
	GlobalSection(SolutionProperties) = preSolution
		HideSolutionNode = FALSE
	EndGlobalSection
	GlobalSection(ExtensibilityGlobals) = postSolution
		SolutionGuid = {968323D7-5BA1-4F5E-9F91-ACF7C07E406D}
	EndGlobalSection
EndGlobal
